PODS:
  - Benetwork (1.0.0)

DEPENDENCIES:
  - Benetwork (from `https://github.com/NSDavidObject/Benetwork.git`)

EXTERNAL SOURCES:
  Benetwork:
    :git: https://github.com/NSDavidObject/Benetwork.git

CHECKOUT OPTIONS:
  Benetwork:
    :commit: 4f1be625a73b975606f45f58bbfdceeb7b138252
    :git: https://github.com/NSDavidObject/Benetwork.git

SPEC CHECKSUMS:
  Benetwork: 1caf9efea49d4d850fe386053694ec7ee17a8ad8

PODFILE CHECKSUM: a7b686e1b82fabf6fd40fe48520c17b1c1b0d105

COCOAPODS: 1.2.1
