PODS:
  - Benetwork (1.0.0)

DEPENDENCIES:
  - Benetwork (from `https://github.com/NSDavidObject/Benetwork.git`)

EXTERNAL SOURCES:
  Benetwork:
    :git: https://github.com/NSDavidObject/Benetwork.git

CHECKOUT OPTIONS:
  Benetwork:
    :commit: 1aabfb61d997dbc7928eab9e7db3e3b41dc297ce
    :git: https://github.com/NSDavidObject/Benetwork.git

SPEC CHECKSUMS:
  Benetwork: 1caf9efea49d4d850fe386053694ec7ee17a8ad8

PODFILE CHECKSUM: 23b542e0032f70aadf6421e50255fdbcca80b19e

COCOAPODS: 1.2.1
